
Microsoft Visual Studio Solution File, Format Version 12.00
# Visual Studio Version 17
VisualStudioVersion = 17.1.32421.90
MinimumVisualStudioVersion = 10.0.40219.1
Project("{FAE04EC0-301F-11D3-BF4B-00C04F79EFBC}") = "MemoryCleaner", "MemoryCleaner.csproj", "{25A92C69-63F1-4218-9E20-5D25D4377FE9}"
EndProject
Global
	GlobalSection(SolutionConfigurationPlatforms) = preSolution
		Debug|Any CPU = Debug|Any CPU
		Release|Any CPU = Release|Any CPU
	EndGlobalSection
	GlobalSection(ProjectConfigurationPlatforms) = postSolution
		{25A92C69-63F1-4218-9E20-5D25D4377FE9}.Debug|Any CPU.ActiveCfg = Debug|Any CPU
		{25A92C69-63F1-4218-9E20-5D25D4377FE9}.Debug|Any CPU.Build.0 = Debug|Any CPU
		{25A92C69-63F1-4218-9E20-5D25D4377FE9}.Release|Any CPU.ActiveCfg = Release|Any CPU
		{25A92C69-63F1-4218-9E20-5D25D4377FE9}.Release|Any CPU.Build.0 = Release|Any CPU
	EndGlobalSection
	GlobalSection(SolutionProperties) = preSolution
		HideSolutionNode = FALSE
	EndGlobalSection
	GlobalSection(ExtensibilityGlobals) = postSolution
		SolutionGuid = {1C4991C9-0A04-4A7C-9B31-8ABC94C01C1D}
	EndGlobalSection
EndGlobal
